
Microsoft Visual Studio Solution File, Format Version 12.00
# Visual Studio Version 16
VisualStudioVersion = 16.0.30907.101
MinimumVisualStudioVersion = 10.0.40219.1
Project("{F184B08F-C81C-45F6-A57F-5ABD9991F28F}") = "7.4 - End of Chapter Ex6", "7.4 - End of Chapter Ex6.vbproj", "{70351B99-7CAB-472B-90A6-0EE8BCA55D2D}"
EndProject
Global
	GlobalSection(SolutionConfigurationPlatforms) = preSolution
		Debug|Any CPU = Debug|Any CPU
		Release|Any CPU = Release|Any CPU
	EndGlobalSection
	GlobalSection(ProjectConfigurationPlatforms) = postSolution
		{70351B99-7CAB-472B-90A6-0EE8BCA55D2D}.Debug|Any CPU.ActiveCfg = Debug|Any CPU
		{70351B99-7CAB-472B-90A6-0EE8BCA55D2D}.Debug|Any CPU.Build.0 = Debug|Any CPU
		{70351B99-7CAB-472B-90A6-0EE8BCA55D2D}.Release|Any CPU.ActiveCfg = Release|Any CPU
		{70351B99-7CAB-472B-90A6-0EE8BCA55D2D}.Release|Any CPU.Build.0 = Release|Any CPU
	EndGlobalSection
	GlobalSection(SolutionProperties) = preSolution
		HideSolutionNode = FALSE
	EndGlobalSection
	GlobalSection(ExtensibilityGlobals) = postSolution
		SolutionGuid = {12FC1BE7-BF9C-46EC-87B7-C2AA53C8AC26}
	EndGlobalSection
EndGlobal
