
Microsoft Visual Studio Solution File, Format Version 12.00
# Visual Studio Version 16
VisualStudioVersion = 16.0.30907.101
MinimumVisualStudioVersion = 10.0.40219.1
Project("{F184B08F-C81C-45F6-A57F-5ABD9991F28F}") = "2.4 - Changing a form's colour using scroll bars", "2.4 - Changing a form's colour using scroll bars.vbproj", "{C048240E-B5BA-4605-98EA-4734C9F37B48}"
EndProject
Global
	GlobalSection(SolutionConfigurationPlatforms) = preSolution
		Debug|Any CPU = Debug|Any CPU
		Release|Any CPU = Release|Any CPU
	EndGlobalSection
	GlobalSection(ProjectConfigurationPlatforms) = postSolution
		{C048240E-B5BA-4605-98EA-4734C9F37B48}.Debug|Any CPU.ActiveCfg = Debug|Any CPU
		{C048240E-B5BA-4605-98EA-4734C9F37B48}.Debug|Any CPU.Build.0 = Debug|Any CPU
		{C048240E-B5BA-4605-98EA-4734C9F37B48}.Release|Any CPU.ActiveCfg = Release|Any CPU
		{C048240E-B5BA-4605-98EA-4734C9F37B48}.Release|Any CPU.Build.0 = Release|Any CPU
	EndGlobalSection
	GlobalSection(SolutionProperties) = preSolution
		HideSolutionNode = FALSE
	EndGlobalSection
	GlobalSection(ExtensibilityGlobals) = postSolution
		SolutionGuid = {1C9845E4-C9F4-4476-955E-690FE4942805}
	EndGlobalSection
EndGlobal
