
Microsoft Visual Studio Solution File, Format Version 12.00
# Visual Studio Version 16
VisualStudioVersion = 16.0.30907.101
MinimumVisualStudioVersion = 10.0.40219.1
Project("{F184B08F-C81C-45F6-A57F-5ABD9991F28F}") = "7.2 - Addition Table", "7.2 - Addition Table.vbproj", "{905C2076-16CC-48FF-8545-956D2A59A28E}"
EndProject
Global
	GlobalSection(SolutionConfigurationPlatforms) = preSolution
		Debug|Any CPU = Debug|Any CPU
		Release|Any CPU = Release|Any CPU
	EndGlobalSection
	GlobalSection(ProjectConfigurationPlatforms) = postSolution
		{905C2076-16CC-48FF-8545-956D2A59A28E}.Debug|Any CPU.ActiveCfg = Debug|Any CPU
		{905C2076-16CC-48FF-8545-956D2A59A28E}.Debug|Any CPU.Build.0 = Debug|Any CPU
		{905C2076-16CC-48FF-8545-956D2A59A28E}.Release|Any CPU.ActiveCfg = Release|Any CPU
		{905C2076-16CC-48FF-8545-956D2A59A28E}.Release|Any CPU.Build.0 = Release|Any CPU
	EndGlobalSection
	GlobalSection(SolutionProperties) = preSolution
		HideSolutionNode = FALSE
	EndGlobalSection
	GlobalSection(ExtensibilityGlobals) = postSolution
		SolutionGuid = {64E5F0CA-FFE7-4225-98E2-39AD51A27AD4}
	EndGlobalSection
EndGlobal
