
Microsoft Visual Studio Solution File, Format Version 12.00
# Visual Studio Version 16
VisualStudioVersion = 16.0.30907.101
MinimumVisualStudioVersion = 10.0.40219.1
Project("{F184B08F-C81C-45F6-A57F-5ABD9991F28F}") = "3.2 - Using a static variable", "3.2 - Using a static variable.vbproj", "{5980F822-99A7-45F4-921A-9DDB4B680CD8}"
EndProject
Global
	GlobalSection(SolutionConfigurationPlatforms) = preSolution
		Debug|Any CPU = Debug|Any CPU
		Release|Any CPU = Release|Any CPU
	EndGlobalSection
	GlobalSection(ProjectConfigurationPlatforms) = postSolution
		{5980F822-99A7-45F4-921A-9DDB4B680CD8}.Debug|Any CPU.ActiveCfg = Debug|Any CPU
		{5980F822-99A7-45F4-921A-9DDB4B680CD8}.Debug|Any CPU.Build.0 = Debug|Any CPU
		{5980F822-99A7-45F4-921A-9DDB4B680CD8}.Release|Any CPU.ActiveCfg = Release|Any CPU
		{5980F822-99A7-45F4-921A-9DDB4B680CD8}.Release|Any CPU.Build.0 = Release|Any CPU
	EndGlobalSection
	GlobalSection(SolutionProperties) = preSolution
		HideSolutionNode = FALSE
	EndGlobalSection
	GlobalSection(ExtensibilityGlobals) = postSolution
		SolutionGuid = {55436F1B-FF09-4FE3-9F84-1587D990C059}
	EndGlobalSection
EndGlobal
